
Microsoft Visual Studio Solution File, Format Version 12.00
# Visual Studio Version 16
VisualStudioVersion = 16.0.29209.62
MinimumVisualStudioVersion = 10.0.40219.1
Project("{FAE04EC0-301F-11D3-BF4B-00C04F79EFBC}") = "contact-book", "contact-book.csproj", "{1CD104DD-2869-4CA2-8ABB-BF9EE28111C9}"
EndProject
Project("{FAE04EC0-301F-11D3-BF4B-00C04F79EFBC}") = "contact-book.Tests", "..\contact-book.Tests\contact-book.Tests.csproj", "{A6BC41D5-8480-4759-809F-7322A48A7EF4}"
EndProject
Project("{FAE04EC0-301F-11D3-BF4B-00C04F79EFBC}") = "contact-book.core", "..\contact-book.core\contact-book.core.csproj", "{7D2E9D19-0BE8-4C07-BDC2-B68DB794A1FA}"
EndProject
Project("{FAE04EC0-301F-11D3-BF4B-00C04F79EFBC}") = "contact-book.data", "..\contact-book.data\contact-book.data.csproj", "{51F826A0-015D-49F2-AEA6-BBD6D58CADF7}"
EndProject
Project("{FAE04EC0-301F-11D3-BF4B-00C04F79EFBC}") = "contact-book.services", "..\contact-book.services\contact-book.services.csproj", "{6B287D04-6304-4B09-968E-FBE7EAF3CA56}"
EndProject
Global
	GlobalSection(SolutionConfigurationPlatforms) = preSolution
		Debug|Any CPU = Debug|Any CPU
		Release|Any CPU = Release|Any CPU
	EndGlobalSection
	GlobalSection(ProjectConfigurationPlatforms) = postSolution
		{1CD104DD-2869-4CA2-8ABB-BF9EE28111C9}.Debug|Any CPU.ActiveCfg = Debug|Any CPU
		{1CD104DD-2869-4CA2-8ABB-BF9EE28111C9}.Debug|Any CPU.Build.0 = Debug|Any CPU
		{1CD104DD-2869-4CA2-8ABB-BF9EE28111C9}.Release|Any CPU.ActiveCfg = Release|Any CPU
		{1CD104DD-2869-4CA2-8ABB-BF9EE28111C9}.Release|Any CPU.Build.0 = Release|Any CPU
		{A6BC41D5-8480-4759-809F-7322A48A7EF4}.Debug|Any CPU.ActiveCfg = Debug|Any CPU
		{A6BC41D5-8480-4759-809F-7322A48A7EF4}.Debug|Any CPU.Build.0 = Debug|Any CPU
		{A6BC41D5-8480-4759-809F-7322A48A7EF4}.Release|Any CPU.ActiveCfg = Release|Any CPU
		{A6BC41D5-8480-4759-809F-7322A48A7EF4}.Release|Any CPU.Build.0 = Release|Any CPU
		{7D2E9D19-0BE8-4C07-BDC2-B68DB794A1FA}.Debug|Any CPU.ActiveCfg = Debug|Any CPU
		{7D2E9D19-0BE8-4C07-BDC2-B68DB794A1FA}.Debug|Any CPU.Build.0 = Debug|Any CPU
		{7D2E9D19-0BE8-4C07-BDC2-B68DB794A1FA}.Release|Any CPU.ActiveCfg = Release|Any CPU
		{7D2E9D19-0BE8-4C07-BDC2-B68DB794A1FA}.Release|Any CPU.Build.0 = Release|Any CPU
		{51F826A0-015D-49F2-AEA6-BBD6D58CADF7}.Debug|Any CPU.ActiveCfg = Debug|Any CPU
		{51F826A0-015D-49F2-AEA6-BBD6D58CADF7}.Debug|Any CPU.Build.0 = Debug|Any CPU
		{51F826A0-015D-49F2-AEA6-BBD6D58CADF7}.Release|Any CPU.ActiveCfg = Release|Any CPU
		{51F826A0-015D-49F2-AEA6-BBD6D58CADF7}.Release|Any CPU.Build.0 = Release|Any CPU
		{6B287D04-6304-4B09-968E-FBE7EAF3CA56}.Debug|Any CPU.ActiveCfg = Debug|Any CPU
		{6B287D04-6304-4B09-968E-FBE7EAF3CA56}.Debug|Any CPU.Build.0 = Debug|Any CPU
		{6B287D04-6304-4B09-968E-FBE7EAF3CA56}.Release|Any CPU.ActiveCfg = Release|Any CPU
		{6B287D04-6304-4B09-968E-FBE7EAF3CA56}.Release|Any CPU.Build.0 = Release|Any CPU
	EndGlobalSection
	GlobalSection(SolutionProperties) = preSolution
		HideSolutionNode = FALSE
	EndGlobalSection
	GlobalSection(ExtensibilityGlobals) = postSolution
		SolutionGuid = {4A277687-559F-4106-A1AF-145AE00C6AFE}
	EndGlobalSection
EndGlobal
